dependencies:
- name: postgresql
  repository: https://charts.bitnami.com/bitnami
  version: 11.1.15
- name: konga
  repository: https://usernames.github.io/konga-helm
  version: 0.2.0
digest: sha256:ccae70e480b1bafdec4be1661bf13f7c4ecaecddf6940873536cb2fe144091f9
generated: "2022-06-16T19:32:32.914151834+05:30"
