dependencies:
- name: postgresql
  repository: https://charts.bitnami.com/bitnami
  version: 11.1.15
- name: konga
  repository: https://usernames.github.io/konga-helm
  version: 0.2.0
digest: sha256:e7df64410f6241df219614968ca4b184877d51d47446c08b39592790c53b822d
generated: "2022-06-15T02:09:47.501664273+05:30"
